{
  "name": "serv",
  "version": "1.0.0",
  "lockfileVersion": 1,
  "requires": true,
  "dependencies": {
    "any-promise": {
      "version": "1.3.0",
      "resolved": "http://registry.npm.taobao.org/any-promise/download/any-promise-1.3.0.tgz"
    },
    "binary-search-tree": {
      "version": "0.2.5",
      "resolved": "http://registry.npm.taobao.org/binary-search-tree/download/binary-search-tree-0.2.5.tgz",
      "dependencies": {
        "underscore": {
          "version": "http://registry.npm.taobao.org/underscore/download/underscore-1.4.4.tgz",
          "bundled": true
        }
      }
    },
    "bluebird": {
      "version": "3.5.1",
      "resolved": "http://registry.npm.taobao.org/bluebird/download/bluebird-3.5.1.tgz",
      "integrity": "sha1-2VUfnemPH82h5oPRfukaBgLuLrk="
    },
    "body-parser": {
      "version": "1.18.3",
      "resolved": "http://registry.npm.taobao.org/body-parser/download/body-parser-1.18.3.tgz",
      "requires": {
        "bytes": "3.0.0"
      },
      "dependencies": {
        "bytes": {
          "version": "http://registry.npm.taobao.org/bytes/download/bytes-3.0.0.tgz",
          "bundled": true
        },
        "content-type": {
          "version": "http://registry.npm.taobao.org/content-type/download/content-type-1.0.4.tgz",
          "bundled": true
        },
        "debug": {
          "version": "http://registry.npm.taobao.org/debug/download/debug-2.6.9.tgz",
          "bundled": true,
          "dependencies": {
            "ms": {
              "version": "http://registry.npm.taobao.org/ms/download/ms-2.0.0.tgz"
            }
          }
        },
        "depd": {
          "version": "http://registry.npm.taobao.org/depd/download/depd-1.1.2.tgz",
          "bundled": true
        },
        "http-errors": {
          "version": "http://registry.npm.taobao.org/http-errors/download/http-errors-1.6.3.tgz",
          "bundled": true
        },
        "iconv-lite": {
          "version": "http://registry.npm.taobao.org/iconv-lite/download/iconv-lite-0.4.23.tgz",
          "bundled": true,
          "dependencies": {
            "safer-buffer": {
              "version": "http://registry.npm.taobao.org/safer-buffer/download/safer-buffer-2.1.2.tgz"
            }
          }
        },
        "on-finished": {
          "version": "http://registry.npm.taobao.org/on-finished/download/on-finished-2.3.0.tgz",
          "bundled": true,
          "dependencies": {
            "ee-first": {
              "version": "http://registry.npm.taobao.org/ee-first/download/ee-first-1.1.1.tgz",
              "bundled": true
            }
          }
        },
        "qs": {
          "version": "http://registry.npm.taobao.org/qs/download/qs-6.5.2.tgz",
          "bundled": true
        },
        "raw-body": {
          "version": "http://registry.npm.taobao.org/raw-body/download/raw-body-2.3.3.tgz",
          "bundled": true
        },
        "type-is": {
          "version": "http://registry.npm.taobao.org/type-is/download/type-is-1.6.16.tgz",
          "bundled": true
        }
      }
    },
    "buffer-equal-constant-time": {
      "version": "1.0.1",
      "resolved": "http://registry.npm.taobao.org/buffer-equal-constant-time/download/buffer-equal-constant-time-1.0.1.tgz"
    },
    "bytes": {
      "version": "3.0.0",
      "resolved": "http://registry.npm.taobao.org/bytes/download/bytes-3.0.0.tgz"
    },
    "chokidar": {
      "version": "2.0.4",
      "resolved": "http://registry.npm.taobao.org/chokidar/download/chokidar-2.0.4.tgz",
      "dependencies": {
        "anymatch": {
          "version": "http://registry.npm.taobao.org/anymatch/download/anymatch-2.0.0.tgz",
          "bundled": true,
          "dependencies": {
            "micromatch": {
              "version": "http://registry.npm.taobao.org/micromatch/download/micromatch-3.1.10.tgz",
              "bundled": true
            },
            "normalize-path": {
              "version": "http://registry.npm.taobao.org/normalize-path/download/normalize-path-2.1.1.tgz",
              "bundled": true
            }
          }
        },
        "async-each": {
          "version": "http://registry.npm.taobao.org/async-each/download/async-each-1.0.1.tgz",
          "bundled": true
        },
        "braces": {
          "version": "http://registry.npm.taobao.org/braces/download/braces-2.3.2.tgz",
          "bundled": true,
          "dependencies": {
            "arr-flatten": {
              "version": "http://registry.npm.taobao.org/arr-flatten/download/arr-flatten-1.1.0.tgz"
            },
            "array-unique": {
              "version": "http://registry.npm.taobao.org/array-unique/download/array-unique-0.3.2.tgz"
            },
            "extend-shallow": {
              "version": "http://registry.npm.taobao.org/extend-shallow/download/extend-shallow-2.0.1.tgz",
              "dependencies": {
                "is-extendable": {
                  "version": "http://registry.npm.taobao.org/is-extendable/download/is-extendable-0.1.1.tgz"
                }
              }
            },
            "fill-range": {
              "version": "http://registry.npm.taobao.org/fill-range/download/fill-range-4.0.0.tgz"
            },
            "isobject": {
              "version": "http://registry.npm.taobao.org/isobject/download/isobject-3.0.1.tgz"
            },
            "repeat-element": {
              "version": "http://registry.npm.taobao.org/repeat-element/download/repeat-element-1.1.2.tgz"
            },
            "snapdragon": {
              "version": "http://registry.npm.taobao.org/snapdragon/download/snapdragon-0.8.2.tgz"
            },
            "snapdragon-node": {
              "version": "http://registry.npm.taobao.org/snapdragon-node/download/snapdragon-node-2.1.1.tgz"
            },
            "split-string": {
              "version": "http://registry.npm.taobao.org/split-string/download/split-string-3.1.0.tgz",
              "dependencies": {
                "extend-shallow": {
                  "version": "http://registry.npm.taobao.org/extend-shallow/download/extend-shallow-3.0.2.tgz",
                  "bundled": true,
                  "dependencies": {
                    "assign-symbols": {
                      "version": "http://registry.npm.taobao.org/assign-symbols/download/assign-symbols-1.0.0.tgz"
                    },
                    "is-extendable": {
                      "version": "http://registry.npm.taobao.org/is-extendable/download/is-extendable-1.0.1.tgz"
                    }
                  }
                }
              }
            },
            "to-regex": {
              "version": "http://registry.npm.taobao.org/to-regex/download/to-regex-3.0.2.tgz"
            }
          }
        },
        "glob-parent": {
          "version": "http://registry.npm.taobao.org/glob-parent/download/glob-parent-3.1.0.tgz",
          "bundled": true
        },
        "inherits": {
          "version": "http://registry.npm.taobao.org/inherits/download/inherits-2.0.3.tgz",
          "bundled": true
        },
        "is-binary-path": {
          "version": "http://registry.npm.taobao.org/is-binary-path/download/is-binary-path-1.0.1.tgz",
          "bundled": true
        },
        "is-glob": {
          "version": "http://registry.npm.taobao.org/is-glob/download/is-glob-4.0.0.tgz",
          "bundled": true
        },
        "lodash.debounce": {
          "version": "http://registry.npm.taobao.org/lodash.debounce/download/lodash.debounce-4.0.8.tgz",
          "bundled": true
        },
        "normalize-path": {
          "version": "http://registry.npm.taobao.org/normalize-path/download/normalize-path-2.1.1.tgz",
          "bundled": true,
          "dependencies": {
            "remove-trailing-separator": {
              "version": "http://registry.npm.taobao.org/remove-trailing-separator/download/remove-trailing-separator-1.1.0.tgz",
              "bundled": true
            }
          }
        },
        "path-is-absolute": {
          "version": "http://registry.npm.taobao.org/path-is-absolute/download/path-is-absolute-1.0.1.tgz",
          "bundled": true
        },
        "readdirp": {
          "version": "http://registry.npm.taobao.org/readdirp/download/readdirp-2.1.0.tgz",
          "bundled": true
        },
        "upath": {
          "version": "http://registry.npm.taobao.org/upath/download/upath-1.1.0.tgz",
          "bundled": true
        }
      }
    },
    "compression": {
      "version": "1.7.3",
      "resolved": "http://registry.npm.taobao.org/compression/download/compression-1.7.3.tgz",
      "integrity": "sha1-J+DhdqryYPfywoE8PkQK258Zk9s=",
      "requires": {
        "accepts": "~1.3.5",
        "bytes": "3.0.0",
        "compressible": "~2.0.14",
        "debug": "2.6.9",
        "on-headers": "~1.0.1",
        "safe-buffer": "5.1.2",
        "vary": "~1.1.2"
      },
      "dependencies": {
        "accepts": {
          "version": "1.3.5",
          "resolved": "http://registry.npm.taobao.org/accepts/download/accepts-1.3.5.tgz",
          "integrity": "sha1-63d99gEXI6OxTopywIBcjoZ0a9I=",
          "requires": {
            "mime-types": "~2.1.18",
            "negotiator": "0.6.1"
          }
        },
        "compressible": {
          "version": "2.0.14",
          "resolved": "http://registry.npm.taobao.org/compressible/download/compressible-2.0.14.tgz",
          "integrity": "sha1-MmxfUH+7BV9UEWeCuWmoG2einac=",
          "requires": {
            "mime-db": ">= 1.34.0 < 2"
          }
        },
        "debug": {
          "version": "2.6.9",
          "resolved": "http://registry.npm.taobao.org/debug/download/debug-2.6.9.tgz",
          "integrity": "sha1-XRKFFd8TT/Mn6QpMk/Tgd6U2NB8=",
          "requires": {
            "ms": "2.0.0"
          }
        },
        "mime-db": {
          "version": "1.35.0",
          "resolved": "http://registry.npm.taobao.org/mime-db/download/mime-db-1.35.0.tgz",
          "integrity": "sha1-BWnWV0ZkkSg3CWY603mpm5DZq0c="
        },
        "ms": {
          "version": "2.0.0",
          "resolved": "http://registry.npm.taobao.org/ms/download/ms-2.0.0.tgz",
          "integrity": "sha1-VgiurfwAvmwpAd9fmGF4jeDVl8g="
        },
        "negotiator": {
          "version": "0.6.1",
          "resolved": "http://registry.npm.taobao.org/negotiator/download/negotiator-0.6.1.tgz",
          "integrity": "sha1-KzJxhOiZIQEXeyhWP7XnECrNDKk="
        },
        "on-headers": {
          "version": "1.0.1",
          "resolved": "http://registry.npm.taobao.org/on-headers/download/on-headers-1.0.1.tgz",
          "integrity": "sha1-ko9dD0cNSTQmUepnlLCFfBAGk/c="
        }
      }
    },
    "cors": {
      "version": "2.8.4",
      "resolved": "http://registry.npm.taobao.org/cors/download/cors-2.8.4.tgz",
      "requires": {
        "vary": "^1"
      },
      "dependencies": {
        "object-assign": {
          "version": "http://registry.npm.taobao.org/object-assign/download/object-assign-4.1.1.tgz",
          "bundled": true
        },
        "vary": {
          "version": "http://registry.npm.taobao.org/vary/download/vary-1.1.2.tgz",
          "bundled": true
        }
      }
    },
    "debug": {
      "version": "3.1.0",
      "resolved": "http://registry.npm.taobao.org/debug/download/debug-3.1.0.tgz",
      "dependencies": {
        "ms": {
          "version": "http://registry.npm.taobao.org/ms/download/ms-2.0.0.tgz",
          "bundled": true
        }
      }
    },
    "dotenv": {
      "version": "6.0.0",
      "resolved": "http://registry.npm.taobao.org/dotenv/download/dotenv-6.0.0.tgz",
      "integrity": "sha1-JON8BBdBxfSyUySVjrvDS8qWWTU="
    },
    "ecdsa-sig-formatter": {
      "version": "1.0.10",
      "resolved": "http://registry.npm.taobao.org/ecdsa-sig-formatter/download/ecdsa-sig-formatter-1.0.10.tgz",
      "requires": {
        "safe-buffer": "^5.0.1"
      },
      "dependencies": {
        "safe-buffer": {
          "version": "http://registry.npm.taobao.org/safe-buffer/download/safe-buffer-5.1.2.tgz",
          "bundled": true
        }
      }
    },
    "eventemitter3": {
      "version": "3.1.0",
      "resolved": "http://registry.npm.taobao.org/eventemitter3/download/eventemitter3-3.1.0.tgz"
    },
    "express": {
      "version": "4.16.3",
      "resolved": "http://registry.npm.taobao.org/express/download/express-4.16.3.tgz",
      "requires": {
        "vary": "~1.1.2"
      },
      "dependencies": {
        "accepts": {
          "version": "http://registry.npm.taobao.org/accepts/download/accepts-1.3.5.tgz",
          "bundled": true,
          "dependencies": {
            "mime-types": {
              "version": "http://registry.npm.taobao.org/mime-types/download/mime-types-2.1.19.tgz"
            },
            "negotiator": {
              "version": "http://registry.npm.taobao.org/negotiator/download/negotiator-0.6.1.tgz"
            }
          }
        },
        "array-flatten": {
          "version": "http://registry.npm.taobao.org/array-flatten/download/array-flatten-1.1.1.tgz",
          "bundled": true
        },
        "body-parser": {
          "version": "http://registry.npm.taobao.org/body-parser/download/body-parser-1.18.2.tgz",
          "bundled": true,
          "dependencies": {
            "bytes": {
              "version": "http://registry.npm.taobao.org/bytes/download/bytes-3.0.0.tgz"
            },
            "content-type": {
              "version": "http://registry.npm.taobao.org/content-type/download/content-type-1.0.4.tgz"
            },
            "debug": {
              "version": "http://registry.npm.taobao.org/debug/download/debug-2.6.9.tgz"
            },
            "depd": {
              "version": "http://registry.npm.taobao.org/depd/download/depd-1.1.2.tgz"
            },
            "http-errors": {
              "version": "http://registry.npm.taobao.org/http-errors/download/http-errors-1.6.3.tgz",
              "dependencies": {
                "depd": {
                  "version": "http://registry.npm.taobao.org/depd/download/depd-1.1.2.tgz"
                },
                "inherits": {
                  "version": "http://registry.npm.taobao.org/inherits/download/inherits-2.0.3.tgz"
                },
                "setprototypeof": {
                  "version": "http://registry.npm.taobao.org/setprototypeof/download/setprototypeof-1.1.0.tgz"
                },
                "statuses": {
                  "version": "http://registry.npm.taobao.org/statuses/download/statuses-1.5.0.tgz"
                }
              }
            },
            "iconv-lite": {
              "version": "http://registry.npm.taobao.org/iconv-lite/download/iconv-lite-0.4.19.tgz"
            },
            "on-finished": {
              "version": "http://registry.npm.taobao.org/on-finished/download/on-finished-2.3.0.tgz",
              "dependencies": {
                "ee-first": {
                  "version": "http://registry.npm.taobao.org/ee-first/download/ee-first-1.1.1.tgz",
                  "bundled": true
                }
              }
            },
            "qs": {
              "version": "http://registry.npm.taobao.org/qs/download/qs-6.5.1.tgz"
            },
            "raw-body": {
              "version": "http://registry.npm.taobao.org/raw-body/download/raw-body-2.3.2.tgz"
            },
            "type-is": {
              "version": "http://registry.npm.taobao.org/type-is/download/type-is-1.6.16.tgz",
              "dependencies": {
                "media-typer": {
                  "version": "http://registry.npm.taobao.org/media-typer/download/media-typer-0.3.0.tgz"
                },
                "mime-types": {
                  "version": "http://registry.npm.taobao.org/mime-types/download/mime-types-2.1.19.tgz",
                  "dependencies": {
                    "mime-db": {
                      "version": "http://registry.npm.taobao.org/mime-db/download/mime-db-1.35.0.tgz",
                      "bundled": true
                    }
                  }
                }
              }
            }
          }
        },
        "content-disposition": {
          "version": "http://registry.npm.taobao.org/content-disposition/download/content-disposition-0.5.2.tgz",
          "bundled": true
        },
        "content-type": {
          "version": "http://registry.npm.taobao.org/content-type/download/content-type-1.0.4.tgz",
          "bundled": true
        },
        "cookie": {
          "version": "http://registry.npm.taobao.org/cookie/download/cookie-0.3.1.tgz",
          "bundled": true
        },
        "cookie-signature": {
          "version": "http://registry.npm.taobao.org/cookie-signature/download/cookie-signature-1.0.6.tgz",
          "bundled": true
        },
        "debug": {
          "version": "http://registry.npm.taobao.org/debug/download/debug-2.6.9.tgz",
          "bundled": true,
          "dependencies": {
            "ms": {
              "version": "http://registry.npm.taobao.org/ms/download/ms-2.0.0.tgz"
            }
          }
        },
        "depd": {
          "version": "http://registry.npm.taobao.org/depd/download/depd-1.1.2.tgz",
          "bundled": true
        },
        "encodeurl": {
          "version": "http://registry.npm.taobao.org/encodeurl/download/encodeurl-1.0.2.tgz",
          "bundled": true
        },
        "escape-html": {
          "version": "http://registry.npm.taobao.org/escape-html/download/escape-html-1.0.3.tgz",
          "bundled": true
        },
        "etag": {
          "version": "http://registry.npm.taobao.org/etag/download/etag-1.8.1.tgz",
          "bundled": true
        },
        "finalhandler": {
          "version": "http://registry.npm.taobao.org/finalhandler/download/finalhandler-1.1.1.tgz",
          "bundled": true
        },
        "fresh": {
          "version": "http://registry.npm.taobao.org/fresh/download/fresh-0.5.2.tgz",
          "bundled": true
        },
        "merge-descriptors": {
          "version": "http://registry.npm.taobao.org/merge-descriptors/download/merge-descriptors-1.0.1.tgz",
          "bundled": true
        },
        "methods": {
          "version": "http://registry.npm.taobao.org/methods/download/methods-1.1.2.tgz",
          "bundled": true
        },
        "on-finished": {
          "version": "http://registry.npm.taobao.org/on-finished/download/on-finished-2.3.0.tgz",
          "bundled": true,
          "dependencies": {
            "ee-first": {
              "version": "http://registry.npm.taobao.org/ee-first/download/ee-first-1.1.1.tgz",
              "bundled": true
            }
          }
        },
        "parseurl": {
          "version": "http://registry.npm.taobao.org/parseurl/download/parseurl-1.3.2.tgz",
          "bundled": true
        },
        "path-to-regexp": {
          "version": "http://registry.npm.taobao.org/path-to-regexp/download/path-to-regexp-0.1.7.tgz",
          "bundled": true
        },
        "proxy-addr": {
          "version": "http://registry.npm.taobao.org/proxy-addr/download/proxy-addr-2.0.4.tgz",
          "bundled": true
        },
        "qs": {
          "version": "http://registry.npm.taobao.org/qs/download/qs-6.5.1.tgz",
          "bundled": true
        },
        "range-parser": {
          "version": "http://registry.npm.taobao.org/range-parser/download/range-parser-1.2.0.tgz",
          "bundled": true
        },
        "safe-buffer": {
          "version": "http://registry.npm.taobao.org/safe-buffer/download/safe-buffer-5.1.1.tgz",
          "bundled": true
        },
        "send": {
          "version": "http://registry.npm.taobao.org/send/download/send-0.16.2.tgz",
          "bundled": true
        },
        "serve-static": {
          "version": "http://registry.npm.taobao.org/serve-static/download/serve-static-1.13.2.tgz",
          "bundled": true
        },
        "setprototypeof": {
          "version": "http://registry.npm.taobao.org/setprototypeof/download/setprototypeof-1.1.0.tgz",
          "bundled": true
        },
        "statuses": {
          "version": "http://registry.npm.taobao.org/statuses/download/statuses-1.4.0.tgz",
          "bundled": true
        },
        "type-is": {
          "version": "http://registry.npm.taobao.org/type-is/download/type-is-1.6.16.tgz",
          "bundled": true,
          "dependencies": {
            "media-typer": {
              "version": "http://registry.npm.taobao.org/media-typer/download/media-typer-0.3.0.tgz"
            },
            "mime-types": {
              "version": "http://registry.npm.taobao.org/mime-types/download/mime-types-2.1.19.tgz",
              "dependencies": {}
            }
          }
        },
        "utils-merge": {
          "version": "http://registry.npm.taobao.org/utils-merge/download/utils-merge-1.0.1.tgz",
          "bundled": true
        },
        "vary": {
          "version": "http://registry.npm.taobao.org/vary/download/vary-1.1.2.tgz",
          "bundled": true
        }
      }
    },
    "express-jwt": {
      "version": "5.3.1",
      "resolved": "http://registry.npm.taobao.org/express-jwt/download/express-jwt-5.3.1.tgz",
      "requires": {
        "jsonwebtoken": "^8.1.0"
      },
      "dependencies": {
        "async": {
          "version": "http://registry.npm.taobao.org/async/download/async-1.5.2.tgz",
          "bundled": true
        },
        "express-unless": {
          "version": "http://registry.npm.taobao.org/express-unless/download/express-unless-0.3.1.tgz",
          "bundled": true
        },
        "jsonwebtoken": {
          "version": "http://registry.npm.taobao.org/jsonwebtoken/download/jsonwebtoken-8.3.0.tgz",
          "bundled": true
        },
        "lodash.set": {
          "version": "http://registry.npm.taobao.org/lodash.set/download/lodash.set-4.3.2.tgz",
          "bundled": true
        }
      }
    },
    "express-validation": {
      "version": "1.0.2",
      "resolved": "http://registry.npm.taobao.org/express-validation/download/express-validation-1.0.2.tgz",
      "integrity": "sha1-fVid07JXxVs+AEZltsacsSzCsUI=",
      "requires": {
        "lodash": "^4.9.0"
      }
    },
    "follow-redirects": {
      "version": "1.5.5",
      "resolved": "http://registry.npm.taobao.org/follow-redirects/download/follow-redirects-1.5.5.tgz",
      "requires": {
        "debug": "^3.1.0"
      },
      "dependencies": {
        "debug": {
          "version": "http://registry.npm.taobao.org/debug/download/debug-3.1.0.tgz",
          "bundled": true,
          "dependencies": {
            "ms": {
              "version": "http://registry.npm.taobao.org/ms/download/ms-2.0.0.tgz",
              "bundled": true
            }
          }
        }
      }
    },
    "helmet": {
      "version": "3.13.0",
      "resolved": "http://registry.npm.taobao.org/helmet/download/helmet-3.13.0.tgz",
      "dependencies": {
        "dns-prefetch-control": {
          "version": "http://registry.npm.taobao.org/dns-prefetch-control/download/dns-prefetch-control-0.1.0.tgz",
          "bundled": true
        },
        "dont-sniff-mimetype": {
          "version": "http://registry.npm.taobao.org/dont-sniff-mimetype/download/dont-sniff-mimetype-1.0.0.tgz",
          "bundled": true
        },
        "expect-ct": {
          "version": "http://registry.npm.taobao.org/expect-ct/download/expect-ct-0.1.1.tgz",
          "bundled": true
        },
        "frameguard": {
          "version": "http://registry.npm.taobao.org/frameguard/download/frameguard-3.0.0.tgz",
          "bundled": true
        },
        "helmet-crossdomain": {
          "version": "http://registry.npm.taobao.org/helmet-crossdomain/download/helmet-crossdomain-0.3.0.tgz",
          "bundled": true
        },
        "helmet-csp": {
          "version": "http://registry.npm.taobao.org/helmet-csp/download/helmet-csp-2.7.1.tgz",
          "bundled": true
        },
        "hide-powered-by": {
          "version": "http://registry.npm.taobao.org/hide-powered-by/download/hide-powered-by-1.0.0.tgz",
          "bundled": true
        },
        "hpkp": {
          "version": "http://registry.npm.taobao.org/hpkp/download/hpkp-2.0.0.tgz",
          "bundled": true
        },
        "hsts": {
          "version": "http://registry.npm.taobao.org/hsts/download/hsts-2.1.0.tgz",
          "bundled": true
        },
        "ienoopen": {
          "version": "http://registry.npm.taobao.org/ienoopen/download/ienoopen-1.0.0.tgz",
          "bundled": true
        },
        "nocache": {
          "version": "http://registry.npm.taobao.org/nocache/download/nocache-2.0.0.tgz",
          "bundled": true
        },
        "referrer-policy": {
          "version": "http://registry.npm.taobao.org/referrer-policy/download/referrer-policy-1.1.0.tgz",
          "bundled": true
        },
        "x-xss-protection": {
          "version": "http://registry.npm.taobao.org/x-xss-protection/download/x-xss-protection-1.1.0.tgz",
          "bundled": true
        }
      }
    },
    "hoek": {
      "version": "5.0.4",
      "resolved": "http://registry.npm.taobao.org/hoek/download/hoek-5.0.4.tgz"
    },
    "http-proxy": {
      "version": "1.17.0",
      "resolved": "http://registry.npm.taobao.org/http-proxy/download/http-proxy-1.17.0.tgz",
      "integrity": "sha1-etOElGWPhGBeL220Q230EPTlvpo=",
      "requires": {
        "eventemitter3": "^3.0.0",
        "follow-redirects": "^1.0.0",
        "requires-port": "^1.0.0"
      },
      "dependencies": {
        "requires-port": {
          "version": "1.0.0",
          "resolved": "http://registry.npm.taobao.org/requires-port/download/requires-port-1.0.0.tgz",
          "integrity": "sha1-kl0mAdOaxIXgkc8NpcbmlNw9yv8="
        }
      }
    },
    "http-status": {
      "version": "1.2.0",
      "resolved": "http://registry.npm.taobao.org/http-status/download/http-status-1.2.0.tgz",
      "integrity": "sha1-BfKlTJT5TTLYd7OjGuCEeXcrqfE="
    },
    "immediate": {
      "version": "3.0.6",
      "resolved": "http://registry.npm.taobao.org/immediate/download/immediate-3.0.6.tgz"
    },
    "isemail": {
      "version": "3.1.3",
      "resolved": "http://registry.npm.taobao.org/isemail/download/isemail-3.1.3.tgz",
      "dependencies": {
        "punycode": {
          "version": "http://registry.npm.taobao.org/punycode/download/punycode-2.1.1.tgz",
          "bundled": true
        }
      }
    },
    "joi": {
      "version": "13.6.0",
      "resolved": "http://registry.npm.taobao.org/joi/download/joi-13.6.0.tgz",
      "integrity": "sha1-h32CDjrWiKScMkIf/vx0a/vi0KA=",
      "requires": {
        "hoek": "5.x.x",
        "isemail": "3.x.x",
        "topo": "3.x.x"
      }
    },
    "jsonwebtoken": {
      "version": "8.3.0",
      "resolved": "http://registry.npm.taobao.org/jsonwebtoken/download/jsonwebtoken-8.3.0.tgz",
      "integrity": "sha1-BWyQ7ummXtbmxy3bCh0yUQmq9kM=",
      "requires": {
        "jws": "^3.1.5",
        "lodash.includes": "^4.3.0",
        "lodash.isboolean": "^3.0.3",
        "lodash.isinteger": "^4.0.4",
        "lodash.isnumber": "^3.0.3",
        "lodash.isplainobject": "^4.0.6",
        "lodash.isstring": "^4.0.1",
        "lodash.once": "^4.0.0",
        "ms": "^2.1.1"
      },
      "dependencies": {
        "jwa": {
          "version": "1.1.6",
          "resolved": "http://registry.npm.taobao.org/jwa/download/jwa-1.1.6.tgz",
          "integrity": "sha1-hyQOdsmAjb3hh4PPImTvSSnuUOY=",
          "requires": {
            "buffer-equal-constant-time": "1.0.1",
            "ecdsa-sig-formatter": "1.0.10",
            "safe-buffer": "^5.0.1"
          }
        },
        "jws": {
          "version": "3.1.5",
          "resolved": "http://registry.npm.taobao.org/jws/download/jws-3.1.5.tgz",
          "integrity": "sha1-gNEtBbKT0ehB58uLTmnlYa3Pg08=",
          "requires": {
            "jwa": "^1.1.5",
            "safe-buffer": "^5.0.1"
          }
        },
        "lodash.isboolean": {
          "version": "3.0.3",
          "resolved": "http://registry.npm.taobao.org/lodash.isboolean/download/lodash.isboolean-3.0.3.tgz",
          "integrity": "sha1-bC4XHbKiV82WgC/UOwGyDV9YcPY="
        },
        "lodash.once": {
          "version": "4.1.1",
          "resolved": "http://registry.npm.taobao.org/lodash.once/download/lodash.once-4.1.1.tgz",
          "integrity": "sha1-DdOXEhPHxW34gJd9UEyI+0cal6w="
        },
        "ms": {
          "version": "2.1.1",
          "resolved": "http://registry.npm.taobao.org/ms/download/ms-2.1.1.tgz",
          "integrity": "sha1-MKWGTrPrsKZvLr5tcnrwagnYbgo="
        }
      }
    },
    "lie": {
      "version": "3.1.1",
      "resolved": "http://registry.npm.taobao.org/lie/download/lie-3.1.1.tgz",
      "requires": {
        "immediate": "~3.0.5"
      },
      "dependencies": {
        "immediate": {
          "version": "http://registry.npm.taobao.org/immediate/download/immediate-3.0.6.tgz",
          "bundled": true
        }
      }
    },
    "localforage": {
      "version": "1.7.2",
      "resolved": "http://registry.npm.taobao.org/localforage/download/localforage-1.7.2.tgz",
      "requires": {
        "lie": "3.1.1"
      },
      "dependencies": {
        "lie": {
          "version": "http://registry.npm.taobao.org/lie/download/lie-3.1.1.tgz",
          "bundled": true
        }
      }
    },
    "lodash": {
      "version": "4.17.10",
      "resolved": "http://registry.npm.taobao.org/lodash/download/lodash-4.17.10.tgz"
    },
    "lodash.includes": {
      "version": "4.3.0",
      "resolved": "http://registry.npm.taobao.org/lodash.includes/download/lodash.includes-4.3.0.tgz"
    },
    "lodash.isinteger": {
      "version": "4.0.4",
      "resolved": "http://registry.npm.taobao.org/lodash.isinteger/download/lodash.isinteger-4.0.4.tgz"
    },
    "lodash.isnumber": {
      "version": "3.0.3",
      "resolved": "http://registry.npm.taobao.org/lodash.isnumber/download/lodash.isnumber-3.0.3.tgz"
    },
    "lodash.isplainobject": {
      "version": "4.0.6",
      "resolved": "http://registry.npm.taobao.org/lodash.isplainobject/download/lodash.isplainobject-4.0.6.tgz"
    },
    "lodash.isstring": {
      "version": "4.0.1",
      "resolved": "http://registry.npm.taobao.org/lodash.isstring/download/lodash.isstring-4.0.1.tgz"
    },
    "mime-types": {
      "version": "2.1.19",
      "resolved": "http://registry.npm.taobao.org/mime-types/download/mime-types-2.1.19.tgz",
      "dependencies": {
        "mime-db": {
          "version": "http://registry.npm.taobao.org/mime-db/download/mime-db-1.35.0.tgz",
          "bundled": true
        }
      }
    },
    "mongoose": {
      "version": "5.2.8",
      "resolved": "http://registry.npm.taobao.org/mongoose/download/mongoose-5.2.8.tgz",
      "requires": {
        "safe-buffer": "5.1.2"
      },
      "dependencies": {
        "async": {
          "version": "http://registry.npm.taobao.org/async/download/async-2.6.1.tgz",
          "bundled": true,
          "dependencies": {
            "lodash": {
              "version": "http://registry.npm.taobao.org/lodash/download/lodash-4.17.10.tgz"
            }
          }
        },
        "bson": {
          "version": "http://registry.npm.taobao.org/bson/download/bson-1.0.9.tgz",
          "bundled": true
        },
        "kareem": {
          "version": "http://registry.npm.taobao.org/kareem/download/kareem-2.2.1.tgz",
          "bundled": true
        },
        "lodash.get": {
          "version": "http://registry.npm.taobao.org/lodash.get/download/lodash.get-4.4.2.tgz",
          "bundled": true
        },
        "mongodb": {
          "version": "http://registry.npm.taobao.org/mongodb/download/mongodb-3.1.1.tgz",
          "bundled": true
        },
        "mongodb-core": {
          "version": "http://registry.npm.taobao.org/mongodb-core/download/mongodb-core-3.1.0.tgz",
          "bundled": true,
          "dependencies": {
            "bson": {
              "version": "http://registry.npm.taobao.org/bson/download/bson-1.0.9.tgz",
              "bundled": true
            },
            "require_optional": {
              "version": "http://registry.npm.taobao.org/require_optional/download/require_optional-1.0.1.tgz",
              "bundled": true
            },
            "saslprep": {
              "version": "http://registry.npm.taobao.org/saslprep/download/saslprep-1.0.1.tgz",
              "bundled": true
            }
          }
        },
        "mongoose-legacy-pluralize": {
          "version": "http://registry.npm.taobao.org/mongoose-legacy-pluralize/download/mongoose-legacy-pluralize-1.0.2.tgz",
          "bundled": true
        },
        "mpath": {
          "version": "http://registry.npm.taobao.org/mpath/download/mpath-0.4.1.tgz",
          "bundled": true
        },
        "mquery": {
          "version": "http://registry.npm.taobao.org/mquery/download/mquery-3.1.2.tgz",
          "bundled": true
        },
        "ms": {
          "version": "http://registry.npm.taobao.org/ms/download/ms-2.0.0.tgz",
          "bundled": true
        },
        "regexp-clone": {
          "version": "http://registry.npm.taobao.org/regexp-clone/download/regexp-clone-0.0.1.tgz",
          "bundled": true
        },
        "safe-buffer": {
          "version": "http://registry.npm.taobao.org/safe-buffer/download/safe-buffer-5.1.2.tgz",
          "bundled": true
        },
        "sliced": {
          "version": "http://registry.npm.taobao.org/sliced/download/sliced-1.0.1.tgz",
          "bundled": true
        }
      }
    },
    "nedb": {
      "version": "1.8.0",
      "resolved": "http://registry.npm.taobao.org/nedb/download/nedb-1.8.0.tgz",
      "requires": {
        "async": "0.2.10",
        "binary-search-tree": "0.2.5",
        "localforage": "^1.3.0"
      },
      "dependencies": {
        "async": {
          "version": "0.2.10",
          "resolved": "http://registry.npm.taobao.org/async/download/async-0.2.10.tgz",
          "integrity": "sha1-trvgsGdLnXGXCMo43owjfLUmw9E="
        },
        "binary-search-tree": {
          "version": "http://registry.npm.taobao.org/binary-search-tree/download/binary-search-tree-0.2.5.tgz",
          "bundled": true,
          "dependencies": {
            "underscore": {
              "version": "http://registry.npm.taobao.org/underscore/download/underscore-1.4.4.tgz",
              "bundled": true
            }
          }
        },
        "localforage": {
          "version": "http://registry.npm.taobao.org/localforage/download/localforage-1.7.2.tgz",
          "bundled": true
        },
        "mkdirp": {
          "version": "http://registry.npm.taobao.org/mkdirp/download/mkdirp-0.5.1.tgz",
          "bundled": true
        },
        "underscore": {
          "version": "http://registry.npm.taobao.org/underscore/download/underscore-1.4.4.tgz",
          "bundled": true
        }
      }
    },
    "nedb-promise": {
      "version": "2.0.1",
      "resolved": "http://registry.npm.taobao.org/nedb-promise/download/nedb-promise-2.0.1.tgz",
      "integrity": "sha1-g5suSQlxb99pUAt/aLK4ciWCzWU=",
      "requires": {
        "nedb": "^1.8.0",
        "thenify": "^3.2.0"
      },
      "dependencies": {
        "thenify": {
          "version": "3.3.0",
          "resolved": "http://registry.npm.taobao.org/thenify/download/thenify-3.3.0.tgz",
          "integrity": "sha1-5p44obq+lpsBCCB5eLn2K4hgSDk=",
          "requires": {
            "any-promise": "^1.0.0"
          }
        }
      }
    },
    "q": {
      "version": "1.0.1",
      "resolved": "http://registry.npm.taobao.org/q/download/q-1.0.1.tgz"
    },
    "readdir": {
      "version": "0.1.0",
      "resolved": "http://registry.npm.taobao.org/readdir/download/readdir-0.1.0.tgz",
      "integrity": "sha1-G1h/LGKfyT+MhtWv1C0XIpNAGhI=",
      "requires": {
        "q": "~1.0.1"
      }
    },
    "safe-buffer": {
      "version": "5.1.2",
      "resolved": "http://registry.npm.taobao.org/safe-buffer/download/safe-buffer-5.1.2.tgz"
    },
    "topo": {
      "version": "3.0.0",
      "resolved": "http://registry.npm.taobao.org/topo/download/topo-3.0.0.tgz",
      "requires": {
        "hoek": "5.x.x"
      },
      "dependencies": {
        "hoek": {
          "version": "http://registry.npm.taobao.org/hoek/download/hoek-5.0.4.tgz",
          "bundled": true
        }
      }
    },
    "vary": {
      "version": "1.1.2",
      "resolved": "http://registry.npm.taobao.org/vary/download/vary-1.1.2.tgz"
    }
  }
}
